
Microsoft Visual Studio Solution File, Format Version 12.00
# Visual Studio Version 16
VisualStudioVersion = 16.0.32602.291
MinimumVisualStudioVersion = 10.0.40219.1
Project("{8BC9CEB8-8B4A-11D0-8D11-00A0C91BC942}") = "ALL_BUILD", "ALL_BUILD.vcxproj", "{FAF15503-2A0A-37FC-BC50-DD8AFD80C201}"
	ProjectSection(ProjectDependencies) = postProject
		{8D8AF265-93FF-3C79-9632-C87F3BC58939} = {8D8AF265-93FF-3C79-9632-C87F3BC58939}
		{D26E1FBE-0BEF-36FC-B7E8-93DBA7A2AA1D} = {D26E1FBE-0BEF-36FC-B7E8-93DBA7A2AA1D}
		{ED3AE238-DB96-3C09-AEE8-A17B24CD6E49} = {ED3AE238-DB96-3C09-AEE8-A17B24CD6E49}
		{A9A7359A-468D-337A-A8A7-9F03F4B8DC0E} = {A9A7359A-468D-337A-A8A7-9F03F4B8DC0E}
	EndProjectSection
EndProject
Project("{8BC9CEB8-8B4A-11D0-8D11-00A0C91BC942}") = "INSTALL", "INSTALL.vcxproj", "{E5A6C599-6314-3F25-BA54-C7E7D7942288}"
	ProjectSection(ProjectDependencies) = postProject
		{FAF15503-2A0A-37FC-BC50-DD8AFD80C201} = {FAF15503-2A0A-37FC-BC50-DD8AFD80C201}
		{8D8AF265-93FF-3C79-9632-C87F3BC58939} = {8D8AF265-93FF-3C79-9632-C87F3BC58939}
	EndProjectSection
EndProject
Project("{8BC9CEB8-8B4A-11D0-8D11-00A0C91BC942}") = "ZERO_CHECK", "ZERO_CHECK.vcxproj", "{8D8AF265-93FF-3C79-9632-C87F3BC58939}"
EndProject
Project("{8BC9CEB8-8B4A-11D0-8D11-00A0C91BC942}") = "dark", "dark.vcxproj", "{D26E1FBE-0BEF-36FC-B7E8-93DBA7A2AA1D}"
	ProjectSection(ProjectDependencies) = postProject
		{8D8AF265-93FF-3C79-9632-C87F3BC58939} = {8D8AF265-93FF-3C79-9632-C87F3BC58939}
	EndProjectSection
EndProject
Project("{8BC9CEB8-8B4A-11D0-8D11-00A0C91BC942}") = "darknet", "darknet.vcxproj", "{ED3AE238-DB96-3C09-AEE8-A17B24CD6E49}"
	ProjectSection(ProjectDependencies) = postProject
		{8D8AF265-93FF-3C79-9632-C87F3BC58939} = {8D8AF265-93FF-3C79-9632-C87F3BC58939}
	EndProjectSection
EndProject
Project("{8BC9CEB8-8B4A-11D0-8D11-00A0C91BC942}") = "uselib", "uselib.vcxproj", "{A9A7359A-468D-337A-A8A7-9F03F4B8DC0E}"
	ProjectSection(ProjectDependencies) = postProject
		{8D8AF265-93FF-3C79-9632-C87F3BC58939} = {8D8AF265-93FF-3C79-9632-C87F3BC58939}
		{D26E1FBE-0BEF-36FC-B7E8-93DBA7A2AA1D} = {D26E1FBE-0BEF-36FC-B7E8-93DBA7A2AA1D}
	EndProjectSection
EndProject
Global
	GlobalSection(SolutionConfigurationPlatforms) = preSolution
		Debug|x64 = Debug|x64
		MinSizeRel|x64 = MinSizeRel|x64
		Release|x64 = Release|x64
		RelWithDebInfo|x64 = RelWithDebInfo|x64
	EndGlobalSection
	GlobalSection(ProjectConfigurationPlatforms) = postSolution
		{FAF15503-2A0A-37FC-BC50-DD8AFD80C201}.Debug|x64.ActiveCfg = Debug|x64
		{FAF15503-2A0A-37FC-BC50-DD8AFD80C201}.Debug|x64.Build.0 = Debug|x64
		{FAF15503-2A0A-37FC-BC50-DD8AFD80C201}.MinSizeRel|x64.ActiveCfg = MinSizeRel|x64
		{FAF15503-2A0A-37FC-BC50-DD8AFD80C201}.MinSizeRel|x64.Build.0 = MinSizeRel|x64
		{FAF15503-2A0A-37FC-BC50-DD8AFD80C201}.Release|x64.ActiveCfg = Release|x64
		{FAF15503-2A0A-37FC-BC50-DD8AFD80C201}.Release|x64.Build.0 = Release|x64
		{FAF15503-2A0A-37FC-BC50-DD8AFD80C201}.RelWithDebInfo|x64.ActiveCfg = RelWithDebInfo|x64
		{FAF15503-2A0A-37FC-BC50-DD8AFD80C201}.RelWithDebInfo|x64.Build.0 = RelWithDebInfo|x64
		{E5A6C599-6314-3F25-BA54-C7E7D7942288}.Debug|x64.ActiveCfg = Debug|x64
		{E5A6C599-6314-3F25-BA54-C7E7D7942288}.MinSizeRel|x64.ActiveCfg = MinSizeRel|x64
		{E5A6C599-6314-3F25-BA54-C7E7D7942288}.Release|x64.ActiveCfg = Release|x64
		{E5A6C599-6314-3F25-BA54-C7E7D7942288}.Release|x64.Build.0 = Release|x64
		{E5A6C599-6314-3F25-BA54-C7E7D7942288}.RelWithDebInfo|x64.ActiveCfg = RelWithDebInfo|x64
		{8D8AF265-93FF-3C79-9632-C87F3BC58939}.Debug|x64.ActiveCfg = Debug|x64
		{8D8AF265-93FF-3C79-9632-C87F3BC58939}.Debug|x64.Build.0 = Debug|x64
		{8D8AF265-93FF-3C79-9632-C87F3BC58939}.MinSizeRel|x64.ActiveCfg = MinSizeRel|x64
		{8D8AF265-93FF-3C79-9632-C87F3BC58939}.MinSizeRel|x64.Build.0 = MinSizeRel|x64
		{8D8AF265-93FF-3C79-9632-C87F3BC58939}.Release|x64.ActiveCfg = Release|x64
		{8D8AF265-93FF-3C79-9632-C87F3BC58939}.Release|x64.Build.0 = Release|x64
		{8D8AF265-93FF-3C79-9632-C87F3BC58939}.RelWithDebInfo|x64.ActiveCfg = RelWithDebInfo|x64
		{8D8AF265-93FF-3C79-9632-C87F3BC58939}.RelWithDebInfo|x64.Build.0 = RelWithDebInfo|x64
		{D26E1FBE-0BEF-36FC-B7E8-93DBA7A2AA1D}.Debug|x64.ActiveCfg = Debug|x64
		{D26E1FBE-0BEF-36FC-B7E8-93DBA7A2AA1D}.Debug|x64.Build.0 = Debug|x64
		{D26E1FBE-0BEF-36FC-B7E8-93DBA7A2AA1D}.MinSizeRel|x64.ActiveCfg = MinSizeRel|x64
		{D26E1FBE-0BEF-36FC-B7E8-93DBA7A2AA1D}.MinSizeRel|x64.Build.0 = MinSizeRel|x64
		{D26E1FBE-0BEF-36FC-B7E8-93DBA7A2AA1D}.Release|x64.ActiveCfg = Release|x64
		{D26E1FBE-0BEF-36FC-B7E8-93DBA7A2AA1D}.Release|x64.Build.0 = Release|x64
		{D26E1FBE-0BEF-36FC-B7E8-93DBA7A2AA1D}.RelWithDebInfo|x64.ActiveCfg = RelWithDebInfo|x64
		{D26E1FBE-0BEF-36FC-B7E8-93DBA7A2AA1D}.RelWithDebInfo|x64.Build.0 = RelWithDebInfo|x64
		{ED3AE238-DB96-3C09-AEE8-A17B24CD6E49}.Debug|x64.ActiveCfg = Debug|x64
		{ED3AE238-DB96-3C09-AEE8-A17B24CD6E49}.Debug|x64.Build.0 = Debug|x64
		{ED3AE238-DB96-3C09-AEE8-A17B24CD6E49}.MinSizeRel|x64.ActiveCfg = MinSizeRel|x64
		{ED3AE238-DB96-3C09-AEE8-A17B24CD6E49}.MinSizeRel|x64.Build.0 = MinSizeRel|x64
		{ED3AE238-DB96-3C09-AEE8-A17B24CD6E49}.Release|x64.ActiveCfg = Release|x64
		{ED3AE238-DB96-3C09-AEE8-A17B24CD6E49}.Release|x64.Build.0 = Release|x64
		{ED3AE238-DB96-3C09-AEE8-A17B24CD6E49}.RelWithDebInfo|x64.ActiveCfg = RelWithDebInfo|x64
		{ED3AE238-DB96-3C09-AEE8-A17B24CD6E49}.RelWithDebInfo|x64.Build.0 = RelWithDebInfo|x64
		{A9A7359A-468D-337A-A8A7-9F03F4B8DC0E}.Debug|x64.ActiveCfg = Debug|x64
		{A9A7359A-468D-337A-A8A7-9F03F4B8DC0E}.Debug|x64.Build.0 = Debug|x64
		{A9A7359A-468D-337A-A8A7-9F03F4B8DC0E}.MinSizeRel|x64.ActiveCfg = MinSizeRel|x64
		{A9A7359A-468D-337A-A8A7-9F03F4B8DC0E}.MinSizeRel|x64.Build.0 = MinSizeRel|x64
		{A9A7359A-468D-337A-A8A7-9F03F4B8DC0E}.Release|x64.ActiveCfg = Release|x64
		{A9A7359A-468D-337A-A8A7-9F03F4B8DC0E}.Release|x64.Build.0 = Release|x64
		{A9A7359A-468D-337A-A8A7-9F03F4B8DC0E}.RelWithDebInfo|x64.ActiveCfg = RelWithDebInfo|x64
		{A9A7359A-468D-337A-A8A7-9F03F4B8DC0E}.RelWithDebInfo|x64.Build.0 = RelWithDebInfo|x64
	EndGlobalSection
	GlobalSection(SolutionProperties) = preSolution
		HideSolutionNode = FALSE
	EndGlobalSection
	GlobalSection(ExtensibilityGlobals) = postSolution
		SolutionGuid = {7E6F603C-6854-3AA4-9339-85E45736E775}
	EndGlobalSection
EndGlobal
